// !$*UTF8*$!
{
	archiveVersion = 1;
	classes = {
	};
	objectVersion = 46;
	objects = {

/* Begin PBXBuildFile section */
		8C12D6AB1D91D11E00A3FC6D /* PreferencesViewController.swift in Sources */ = {isa = PBXBuildFile; fileRef = 8C12D6AA1D91D11D00A3FC6D /* PreferencesViewController.swift */; };
		8C12D6AC1D92BD0F00A3FC6D /* PreferencesViewController.swift in Sources */ = {isa = PBXBuildFile; fileRef = 8C12D6AA1D91D11D00A3FC6D /* PreferencesViewController.swift */; };
		8C12D6B01D92CD5F00A3FC6D /* AboutUsViewController.swift in Sources */ = {isa = PBXBuildFile; fileRef = 8C12D6AF1D92CD5F00A3FC6D /* AboutUsViewController.swift */; };
		8C12D6B21D92D2C500A3FC6D /* PoliticasPrivacityViewController.swift in Sources */ = {isa = PBXBuildFile; fileRef = 8C12D6B11D92D2C500A3FC6D /* PoliticasPrivacityViewController.swift */; };
		8C12D6B41D95628700A3FC6D /* SearchTableViewController.swift in Sources */ = {isa = PBXBuildFile; fileRef = 8C12D6B31D95628700A3FC6D /* SearchTableViewController.swift */; };
		8C31A70F1D8732100091A36A /* PageViewController.swift in Sources */ = {isa = PBXBuildFile; fileRef = 8C31A70E1D8732100091A36A /* PageViewController.swift */; };
		8C31A7131D8B05190091A36A /* BookmarkTableViewController.swift in Sources */ = {isa = PBXBuildFile; fileRef = 8C31A7121D8B05190091A36A /* BookmarkTableViewController.swift */; };
		8C31A7151D8B40CB0091A36A /* NewsViewCell.swift in Sources */ = {isa = PBXBuildFile; fileRef = 8C31A7141D8B40CB0091A36A /* NewsViewCell.swift */; };
		8C31A7171D8C4FAB0091A36A /* CheckBoxInterest.swift in Sources */ = {isa = PBXBuildFile; fileRef = 8C31A7161D8C4FAB0091A36A /* CheckBoxInterest.swift */; };
		8C51747C1D99626E00771EF1 /* LoginUserController.swift in Sources */ = {isa = PBXBuildFile; fileRef = 8C51747B1D99626E00771EF1 /* LoginUserController.swift */; };
		8C5B06441D80574700E2BB52 /* ForYouTableViewController.swift in Sources */ = {isa = PBXBuildFile; fileRef = 8C5B06431D80574700E2BB52 /* ForYouTableViewController.swift */; };
		8C5B06461D8057A800E2BB52 /* ServicesConnection.swift in Sources */ = {isa = PBXBuildFile; fileRef = 8C5B06451D8057A800E2BB52 /* ServicesConnection.swift */; };
		8C5B064B1D80A34E00E2BB52 /* ApiConstants.swift in Sources */ = {isa = PBXBuildFile; fileRef = 8C5B064A1D80A34E00E2BB52 /* ApiConstants.swift */; };
		8C5B064E1D80B19A00E2BB52 /* Category.swift in Sources */ = {isa = PBXBuildFile; fileRef = 8C5B064D1D80B19A00E2BB52 /* Category.swift */; };
		8C5B06541D818A3000E2BB52 /* GreenTableViewController.swift in Sources */ = {isa = PBXBuildFile; fileRef = 8C5B06531D818A3000E2BB52 /* GreenTableViewController.swift */; };
		8C5B06561D8192D500E2BB52 /* CreativityTableViewController.swift in Sources */ = {isa = PBXBuildFile; fileRef = 8C5B06551D8192D500E2BB52 /* CreativityTableViewController.swift */; };
		8C5B065A1D81AA3700E2BB52 /* WomenTableViewController.swift in Sources */ = {isa = PBXBuildFile; fileRef = 8C5B06591D81AA3700E2BB52 /* WomenTableViewController.swift */; };
		8C5B06621D81B6BF00E2BB52 /* FoodTableViewController.swift in Sources */ = {isa = PBXBuildFile; fileRef = 8C5B06611D81B6BF00E2BB52 /* FoodTableViewController.swift */; };
		8C5B06641D81B97400E2BB52 /* PopularyTableViewController.swift in Sources */ = {isa = PBXBuildFile; fileRef = 8C5B06631D81B97400E2BB52 /* PopularyTableViewController.swift */; };
		8C5B066A1D81B9A600E2BB52 /* QuizTableViewController.swift in Sources */ = {isa = PBXBuildFile; fileRef = 8C5B06691D81B9A600E2BB52 /* QuizTableViewController.swift */; };
		8C5B066C1D81DC1900E2BB52 /* ProgressBarLoad.swift in Sources */ = {isa = PBXBuildFile; fileRef = 8C5B066B1D81DC1900E2BB52 /* ProgressBarLoad.swift */; };
		8C5B06741D8331DA00E2BB52 /* PageItemController.swift in Sources */ = {isa = PBXBuildFile; fileRef = 8C5B06731D8331DA00E2BB52 /* PageItemController.swift */; };
		8C5B06781D83400B00E2BB52 /* Base.lproj in Resources */ = {isa = PBXBuildFile; fileRef = 8C5B06771D83400B00E2BB52 /* Base.lproj */; };
		8C5B067B1D83405E00E2BB52 /* Main.storyboard in Resources */ = {isa = PBXBuildFile; fileRef = 8C5B06791D83405E00E2BB52 /* Main.storyboard */; };
		8C5BACBF1D7DF5990021DFBE /* DetailViewController.swift in Sources */ = {isa = PBXBuildFile; fileRef = 8C5BACBE1D7DF5990021DFBE /* DetailViewController.swift */; };
		8C77823F1D7A12ED001A0596 /* News.swift in Sources */ = {isa = PBXBuildFile; fileRef = 8C77823E1D7A12ED001A0596 /* News.swift */; };
		8CE0972D1D79DEF500ABD404 /* SWRevealViewController.m in Sources */ = {isa = PBXBuildFile; fileRef = 8CE0972C1D79DEF500ABD404 /* SWRevealViewController.m */; };
		F47029F61A7F27DB00E30A3C /* AppDelegate.swift in Sources */ = {isa = PBXBuildFile; fileRef = F47029F51A7F27DB00E30A3C /* AppDelegate.swift */; };
		F47029FD1A7F27DB00E30A3C /* Images.xcassets in Resources */ = {isa = PBXBuildFile; fileRef = F47029FC1A7F27DB00E30A3C /* Images.xcassets */; };
		F4702A001A7F27DC00E30A3C /* LaunchScreen.xib in Resources */ = {isa = PBXBuildFile; fileRef = F47029FE1A7F27DB00E30A3C /* LaunchScreen.xib */; };
		F4702A0C1A7F27DC00E30A3C /* UpsoclAppTests.swift in Sources */ = {isa = PBXBuildFile; fileRef = F4702A0B1A7F27DC00E30A3C /* UpsoclAppTests.swift */; };
		F4702A161A7F342F00E30A3C /* MapKit.framework in Frameworks */ = {isa = PBXBuildFile; fileRef = F4702A151A7F342F00E30A3C /* MapKit.framework */; };
		F4702A181A7F351C00E30A3C /* MenuController.swift in Sources */ = {isa = PBXBuildFile; fileRef = F4702A171A7F351C00E30A3C /* MenuController.swift */; };
		F491E74A1A7F4B300026528E /* NewsTableViewController.swift in Sources */ = {isa = PBXBuildFile; fileRef = F491E7491A7F4B300026528E /* NewsTableViewController.swift */; };
		F491E7551A7F7E010026528E /* InterestViewController.swift in Sources */ = {isa = PBXBuildFile; fileRef = F491E7541A7F7E010026528E /* InterestViewController.swift */; };
/* End PBXBuildFile section */

/* Begin PBXContainerItemProxy section */
		F4702A061A7F27DC00E30A3C /* PBXContainerItemProxy */ = {
			isa = PBXContainerItemProxy;
			containerPortal = F47029E81A7F27DB00E30A3C /* Project object */;
			proxyType = 1;
			remoteGlobalIDString = F47029EF1A7F27DB00E30A3C;
			remoteInfo = UpsoclApp;
		};
/* End PBXContainerItemProxy section */

/* Begin PBXFileReference section */
		8C12D6AA1D91D11D00A3FC6D /* PreferencesViewController.swift */ = {isa = PBXFileReference; fileEncoding = 4; lastKnownFileType = sourcecode.swift; path = PreferencesViewController.swift; sourceTree = "<group>"; };
		8C12D6AF1D92CD5F00A3FC6D /* AboutUsViewController.swift */ = {isa = PBXFileReference; fileEncoding = 4; lastKnownFileType = sourcecode.swift; path = AboutUsViewController.swift; sourceTree = "<group>"; };
		8C12D6B11D92D2C500A3FC6D /* PoliticasPrivacityViewController.swift */ = {isa = PBXFileReference; fileEncoding = 4; lastKnownFileType = sourcecode.swift; path = PoliticasPrivacityViewController.swift; sourceTree = "<group>"; };
		8C12D6B31D95628700A3FC6D /* SearchTableViewController.swift */ = {isa = PBXFileReference; fileEncoding = 4; lastKnownFileType = sourcecode.swift; path = SearchTableViewController.swift; sourceTree = "<group>"; };
		8C31A70E1D8732100091A36A /* PageViewController.swift */ = {isa = PBXFileReference; fileEncoding = 4; lastKnownFileType = sourcecode.swift; path = PageViewController.swift; sourceTree = "<group>"; };
		8C31A7121D8B05190091A36A /* BookmarkTableViewController.swift */ = {isa = PBXFileReference; fileEncoding = 4; lastKnownFileType = sourcecode.swift; path = BookmarkTableViewController.swift; sourceTree = "<group>"; };
		8C31A7141D8B40CB0091A36A /* NewsViewCell.swift */ = {isa = PBXFileReference; fileEncoding = 4; lastKnownFileType = sourcecode.swift; path = NewsViewCell.swift; sourceTree = "<group>"; };
		8C31A7161D8C4FAB0091A36A /* CheckBoxInterest.swift */ = {isa = PBXFileReference; fileEncoding = 4; lastKnownFileType = sourcecode.swift; path = CheckBoxInterest.swift; sourceTree = "<group>"; };
		8C51747B1D99626E00771EF1 /* LoginUserController.swift */ = {isa = PBXFileReference; fileEncoding = 4; lastKnownFileType = sourcecode.swift; path = LoginUserController.swift; sourceTree = "<group>"; };
		8C5B06431D80574700E2BB52 /* ForYouTableViewController.swift */ = {isa = PBXFileReference; fileEncoding = 4; lastKnownFileType = sourcecode.swift; name = ForYouTableViewController.swift; path = ../ForYouTableViewController.swift; sourceTree = "<group>"; };
		8C5B06451D8057A800E2BB52 /* ServicesConnection.swift */ = {isa = PBXFileReference; fileEncoding = 4; lastKnownFileType = sourcecode.swift; path = ServicesConnection.swift; sourceTree = "<group>"; };
		8C5B064A1D80A34E00E2BB52 /* ApiConstants.swift */ = {isa = PBXFileReference; fileEncoding = 4; lastKnownFileType = sourcecode.swift; path = ApiConstants.swift; sourceTree = "<group>"; };
		8C5B064D1D80B19A00E2BB52 /* Category.swift */ = {isa = PBXFileReference; fileEncoding = 4; lastKnownFileType = sourcecode.swift; path = Category.swift; sourceTree = "<group>"; };
		8C5B06531D818A3000E2BB52 /* GreenTableViewController.swift */ = {isa = PBXFileReference; fileEncoding = 4; lastKnownFileType = sourcecode.swift; path = GreenTableViewController.swift; sourceTree = "<group>"; };
		8C5B06551D8192D500E2BB52 /* CreativityTableViewController.swift */ = {isa = PBXFileReference; fileEncoding = 4; lastKnownFileType = sourcecode.swift; path = CreativityTableViewController.swift; sourceTree = "<group>"; };
		8C5B06591D81AA3700E2BB52 /* WomenTableViewController.swift */ = {isa = PBXFileReference; fileEncoding = 4; lastKnownFileType = sourcecode.swift; path = WomenTableViewController.swift; sourceTree = "<group>"; };
		8C5B06611D81B6BF00E2BB52 /* FoodTableViewController.swift */ = {isa = PBXFileReference; fileEncoding = 4; lastKnownFileType = sourcecode.swift; path = FoodTableViewController.swift; sourceTree = "<group>"; };
		8C5B06631D81B97400E2BB52 /* PopularyTableViewController.swift */ = {isa = PBXFileReference; fileEncoding = 4; lastKnownFileType = sourcecode.swift; path = PopularyTableViewController.swift; sourceTree = "<group>"; };
		8C5B06691D81B9A600E2BB52 /* QuizTableViewController.swift */ = {isa = PBXFileReference; fileEncoding = 4; lastKnownFileType = sourcecode.swift; path = QuizTableViewController.swift; sourceTree = "<group>"; };
		8C5B066B1D81DC1900E2BB52 /* ProgressBarLoad.swift */ = {isa = PBXFileReference; fileEncoding = 4; lastKnownFileType = sourcecode.swift; path = ProgressBarLoad.swift; sourceTree = "<group>"; };
		8C5B06731D8331DA00E2BB52 /* PageItemController.swift */ = {isa = PBXFileReference; fileEncoding = 4; lastKnownFileType = sourcecode.swift; path = PageItemController.swift; sourceTree = "<group>"; };
		8C5B06771D83400B00E2BB52 /* Base.lproj */ = {isa = PBXFileReference; lastKnownFileType = folder; path = Base.lproj; sourceTree = "<group>"; };
		8C5B067A1D83405E00E2BB52 /* Base */ = {isa = PBXFileReference; lastKnownFileType = file.storyboard; name = Base; path = Base.lproj/Main.storyboard; sourceTree = "<group>"; };
		8C5BACBE1D7DF5990021DFBE /* DetailViewController.swift */ = {isa = PBXFileReference; fileEncoding = 4; lastKnownFileType = sourcecode.swift; name = DetailViewController.swift; path = ../DetailViewController.swift; sourceTree = "<group>"; };
		8C77823E1D7A12ED001A0596 /* News.swift */ = {isa = PBXFileReference; fileEncoding = 4; lastKnownFileType = sourcecode.swift; path = News.swift; sourceTree = "<group>"; };
		8CE0972A1D79DEF500ABD404 /* SidebarMenu-Bridging-Header.h */ = {isa = PBXFileReference; lastKnownFileType = sourcecode.c.h; path = "SidebarMenu-Bridging-Header.h"; sourceTree = "<group>"; };
		8CE0972B1D79DEF500ABD404 /* SWRevealViewController.h */ = {isa = PBXFileReference; fileEncoding = 4; lastKnownFileType = sourcecode.c.h; path = SWRevealViewController.h; sourceTree = "<group>"; };
		8CE0972C1D79DEF500ABD404 /* SWRevealViewController.m */ = {isa = PBXFileReference; fileEncoding = 4; lastKnownFileType = sourcecode.c.objc; path = SWRevealViewController.m; sourceTree = "<group>"; };
		F47029F01A7F27DB00E30A3C /* UpsoclApp.app */ = {isa = PBXFileReference; explicitFileType = wrapper.application; includeInIndex = 0; path = UpsoclApp.app; sourceTree = BUILT_PRODUCTS_DIR; };
		F47029F41A7F27DB00E30A3C /* Info.plist */ = {isa = PBXFileReference; lastKnownFileType = text.plist.xml; path = Info.plist; sourceTree = "<group>"; };
		F47029F51A7F27DB00E30A3C /* AppDelegate.swift */ = {isa = PBXFileReference; lastKnownFileType = sourcecode.swift; path = AppDelegate.swift; sourceTree = "<group>"; };
		F47029FC1A7F27DB00E30A3C /* Images.xcassets */ = {isa = PBXFileReference; lastKnownFileType = folder.assetcatalog; path = Images.xcassets; sourceTree = "<group>"; };
		F47029FF1A7F27DB00E30A3C /* Base */ = {isa = PBXFileReference; lastKnownFileType = file.xib; name = Base; path = Base.lproj/LaunchScreen.xib; sourceTree = "<group>"; };
		F4702A051A7F27DC00E30A3C /* UpsoclApp.xctest */ = {isa = PBXFileReference; explicitFileType = wrapper.cfbundle; includeInIndex = 0; path = UpsoclApp.xctest; sourceTree = BUILT_PRODUCTS_DIR; };
		F4702A0A1A7F27DC00E30A3C /* Info.plist */ = {isa = PBXFileReference; lastKnownFileType = text.plist.xml; path = Info.plist; sourceTree = "<group>"; };
		F4702A0B1A7F27DC00E30A3C /* UpsoclAppTests.swift */ = {isa = PBXFileReference; lastKnownFileType = sourcecode.swift; path = UpsoclAppTests.swift; sourceTree = "<group>"; };
		F4702A151A7F342F00E30A3C /* MapKit.framework */ = {isa = PBXFileReference; lastKnownFileType = wrapper.framework; name = MapKit.framework; path = System/Library/Frameworks/MapKit.framework; sourceTree = SDKROOT; };
		F4702A171A7F351C00E30A3C /* MenuController.swift */ = {isa = PBXFileReference; fileEncoding = 4; lastKnownFileType = sourcecode.swift; path = MenuController.swift; sourceTree = "<group>"; };
		F491E7491A7F4B300026528E /* NewsTableViewController.swift */ = {isa = PBXFileReference; fileEncoding = 4; lastKnownFileType = sourcecode.swift; path = NewsTableViewController.swift; sourceTree = "<group>"; };
		F491E7541A7F7E010026528E /* InterestViewController.swift */ = {isa = PBXFileReference; fileEncoding = 4; lastKnownFileType = sourcecode.swift; path = InterestViewController.swift; sourceTree = "<group>"; };
/* End PBXFileReference section */

/* Begin PBXFrameworksBuildPhase section */
		F47029ED1A7F27DB00E30A3C /* Frameworks */ = {
			isa = PBXFrameworksBuildPhase;
			buildActionMask = 2147483647;
			files = (
				F4702A161A7F342F00E30A3C /* MapKit.framework in Frameworks */,
			);
			runOnlyForDeploymentPostprocessing = 0;
		};
		F4702A021A7F27DC00E30A3C /* Frameworks */ = {
			isa = PBXFrameworksBuildPhase;
			buildActionMask = 2147483647;
			files = (
			);
			runOnlyForDeploymentPostprocessing = 0;
		};
/* End PBXFrameworksBuildPhase section */

/* Begin PBXGroup section */
		8C12D6B51D95C99800A3FC6D /* connectionServices */ = {
			isa = PBXGroup;
			children = (
				8C5B06451D8057A800E2BB52 /* ServicesConnection.swift */,
			);
			name = connectionServices;
			sourceTree = "<group>";
		};
		8C5B064C1D80B17F00E2BB52 /* key */ = {
			isa = PBXGroup;
			children = (
				8C5B064A1D80A34E00E2BB52 /* ApiConstants.swift */,
				8C5B064D1D80B19A00E2BB52 /* Category.swift */,
			);
			name = key;
			sourceTree = "<group>";
		};
		8C77823D1D7A12D4001A0596 /* bean */ = {
			isa = PBXGroup;
			children = (
				8C77823E1D7A12ED001A0596 /* News.swift */,
			);
			name = bean;
			sourceTree = "<group>";
		};
		8CE097291D79DECC00ABD404 /* SWRevealViewController */ = {
			isa = PBXGroup;
			children = (
				8CE0972B1D79DEF500ABD404 /* SWRevealViewController.h */,
				8CE0972C1D79DEF500ABD404 /* SWRevealViewController.m */,
				8CE0972A1D79DEF500ABD404 /* SidebarMenu-Bridging-Header.h */,
			);
			name = SWRevealViewController;
			sourceTree = "<group>";
		};
		F47029E71A7F27DB00E30A3C = {
			isa = PBXGroup;
			children = (
				F4702A151A7F342F00E30A3C /* MapKit.framework */,
				F47029F21A7F27DB00E30A3C /* UpsoclApp */,
				F4702A081A7F27DC00E30A3C /* UpsoclAppTests */,
				F47029F11A7F27DB00E30A3C /* Products */,
			);
			sourceTree = "<group>";
		};
		F47029F11A7F27DB00E30A3C /* Products */ = {
			isa = PBXGroup;
			children = (
				F47029F01A7F27DB00E30A3C /* UpsoclApp.app */,
				F4702A051A7F27DC00E30A3C /* UpsoclApp.xctest */,
			);
			name = Products;
			sourceTree = "<group>";
		};
		F47029F21A7F27DB00E30A3C /* UpsoclApp */ = {
			isa = PBXGroup;
			children = (
				8C12D6B51D95C99800A3FC6D /* connectionServices */,
				8C5B064C1D80B17F00E2BB52 /* key */,
				8C77823D1D7A12D4001A0596 /* bean */,
				8CE097291D79DECC00ABD404 /* SWRevealViewController */,
				F47029F51A7F27DB00E30A3C /* AppDelegate.swift */,
				8C5B06791D83405E00E2BB52 /* Main.storyboard */,
				F47029FC1A7F27DB00E30A3C /* Images.xcassets */,
				F47029FE1A7F27DB00E30A3C /* LaunchScreen.xib */,
				F47029F31A7F27DB00E30A3C /* Supporting Files */,
				F4702A171A7F351C00E30A3C /* MenuController.swift */,
				F491E7491A7F4B300026528E /* NewsTableViewController.swift */,
				8C5B06431D80574700E2BB52 /* ForYouTableViewController.swift */,
				8C5B06531D818A3000E2BB52 /* GreenTableViewController.swift */,
				8C5B06551D8192D500E2BB52 /* CreativityTableViewController.swift */,
				8C5B06591D81AA3700E2BB52 /* WomenTableViewController.swift */,
				8C5B06611D81B6BF00E2BB52 /* FoodTableViewController.swift */,
				8C5B06631D81B97400E2BB52 /* PopularyTableViewController.swift */,
				8C5B06691D81B9A600E2BB52 /* QuizTableViewController.swift */,
				8C31A7121D8B05190091A36A /* BookmarkTableViewController.swift */,
				F491E7541A7F7E010026528E /* InterestViewController.swift */,
				8C12D6AA1D91D11D00A3FC6D /* PreferencesViewController.swift */,
				8C12D6B31D95628700A3FC6D /* SearchTableViewController.swift */,
				8C5B06771D83400B00E2BB52 /* Base.lproj */,
				8C31A7141D8B40CB0091A36A /* NewsViewCell.swift */,
				8C31A7161D8C4FAB0091A36A /* CheckBoxInterest.swift */,
				8C5B066B1D81DC1900E2BB52 /* ProgressBarLoad.swift */,
				8C5BACBE1D7DF5990021DFBE /* DetailViewController.swift */,
				8C5B06731D8331DA00E2BB52 /* PageItemController.swift */,
				8C31A70E1D8732100091A36A /* PageViewController.swift */,
				8C12D6AF1D92CD5F00A3FC6D /* AboutUsViewController.swift */,
				8C12D6B11D92D2C500A3FC6D /* PoliticasPrivacityViewController.swift */,
				8C51747B1D99626E00771EF1 /* LoginUserController.swift */,
			);
			path = UpsoclApp;
			sourceTree = "<group>";
		};
		F47029F31A7F27DB00E30A3C /* Supporting Files */ = {
			isa = PBXGroup;
			children = (
				F47029F41A7F27DB00E30A3C /* Info.plist */,
			);
			name = "Supporting Files";
			sourceTree = "<group>";
		};
		F4702A081A7F27DC00E30A3C /* UpsoclAppTests */ = {
			isa = PBXGroup;
			children = (
				F4702A0B1A7F27DC00E30A3C /* UpsoclAppTests.swift */,
				F4702A091A7F27DC00E30A3C /* Supporting Files */,
			);
			path = UpsoclAppTests;
			sourceTree = "<group>";
		};
		F4702A091A7F27DC00E30A3C /* Supporting Files */ = {
			isa = PBXGroup;
			children = (
				F4702A0A1A7F27DC00E30A3C /* Info.plist */,
			);
			name = "Supporting Files";
			sourceTree = "<group>";
		};
/* End PBXGroup section */

/* Begin PBXNativeTarget section */
		F47029EF1A7F27DB00E30A3C /* UpsoclApp */ = {
			isa = PBXNativeTarget;
			buildConfigurationList = F4702A0F1A7F27DC00E30A3C /* Build configuration list for PBXNativeTarget "UpsoclApp" */;
			buildPhases = (
				F47029EC1A7F27DB00E30A3C /* Sources */,
				F47029ED1A7F27DB00E30A3C /* Frameworks */,
				F47029EE1A7F27DB00E30A3C /* Resources */,
			);
			buildRules = (
			);
			dependencies = (
			);
			name = UpsoclApp;
			productName = UpsoclApp;
			productReference = F47029F01A7F27DB00E30A3C /* UpsoclApp.app */;
			productType = "com.apple.product-type.application";
		};
		F4702A041A7F27DC00E30A3C /* UpsoclAppTests */ = {
			isa = PBXNativeTarget;
			buildConfigurationList = F4702A121A7F27DC00E30A3C /* Build configuration list for PBXNativeTarget "UpsoclAppTests" */;
			buildPhases = (
				F4702A011A7F27DC00E30A3C /* Sources */,
				F4702A021A7F27DC00E30A3C /* Frameworks */,
				F4702A031A7F27DC00E30A3C /* Resources */,
			);
			buildRules = (
			);
			dependencies = (
				F4702A071A7F27DC00E30A3C /* PBXTargetDependency */,
			);
			name = UpsoclAppTests;
			productName = UpsoclAppTests;
			productReference = F4702A051A7F27DC00E30A3C /* UpsoclApp.xctest */;
			productType = "com.apple.product-type.bundle.unit-test";
		};
/* End PBXNativeTarget section */

/* Begin PBXProject section */
		F47029E81A7F27DB00E30A3C /* Project object */ = {
			isa = PBXProject;
			attributes = {
				LastSwiftUpdateCheck = 0730;
				LastUpgradeCheck = 0700;
				ORGANIZATIONNAME = AppCoda;
				TargetAttributes = {
					F47029EF1A7F27DB00E30A3C = {
						CreatedOnToolsVersion = 6.1.1;
						SystemCapabilities = {
							com.apple.Maps.iOS = {
								enabled = 1;
							};
						};
					};
					F4702A041A7F27DC00E30A3C = {
						CreatedOnToolsVersion = 6.1.1;
						TestTargetID = F47029EF1A7F27DB00E30A3C;
					};
				};
			};
			buildConfigurationList = F47029EB1A7F27DB00E30A3C /* Build configuration list for PBXProject "UpsoclApp" */;
			compatibilityVersion = "Xcode 3.2";
			developmentRegion = English;
			hasScannedForEncodings = 0;
			knownRegions = (
				en,
				Base,
			);
			mainGroup = F47029E71A7F27DB00E30A3C;
			productRefGroup = F47029F11A7F27DB00E30A3C /* Products */;
			projectDirPath = "";
			projectRoot = "";
			targets = (
				F47029EF1A7F27DB00E30A3C /* UpsoclApp */,
				F4702A041A7F27DC00E30A3C /* UpsoclAppTests */,
			);
		};
/* End PBXProject section */

/* Begin PBXResourcesBuildPhase section */
		F47029EE1A7F27DB00E30A3C /* Resources */ = {
			isa = PBXResourcesBuildPhase;
			buildActionMask = 2147483647;
			files = (
				F4702A001A7F27DC00E30A3C /* LaunchScreen.xib in Resources */,
				8C5B06781D83400B00E2BB52 /* Base.lproj in Resources */,
				F47029FD1A7F27DB00E30A3C /* Images.xcassets in Resources */,
				8C5B067B1D83405E00E2BB52 /* Main.storyboard in Resources */,
			);
			runOnlyForDeploymentPostprocessing = 0;
		};
		F4702A031A7F27DC00E30A3C /* Resources */ = {
			isa = PBXResourcesBuildPhase;
			buildActionMask = 2147483647;
			files = (
			);
			runOnlyForDeploymentPostprocessing = 0;
		};
/* End PBXResourcesBuildPhase section */

/* Begin PBXSourcesBuildPhase section */
		F47029EC1A7F27DB00E30A3C /* Sources */ = {
			isa = PBXSourcesBuildPhase;
			buildActionMask = 2147483647;
			files = (
				8C5B06461D8057A800E2BB52 /* ServicesConnection.swift in Sources */,
				8C51747C1D99626E00771EF1 /* LoginUserController.swift in Sources */,
				8C5B06541D818A3000E2BB52 /* GreenTableViewController.swift in Sources */,
				8C5B064B1D80A34E00E2BB52 /* ApiConstants.swift in Sources */,
				8CE0972D1D79DEF500ABD404 /* SWRevealViewController.m in Sources */,
				8C5B066C1D81DC1900E2BB52 /* ProgressBarLoad.swift in Sources */,
				F4702A181A7F351C00E30A3C /* MenuController.swift in Sources */,
				8C5BACBF1D7DF5990021DFBE /* DetailViewController.swift in Sources */,
				8C77823F1D7A12ED001A0596 /* News.swift in Sources */,
				F47029F61A7F27DB00E30A3C /* AppDelegate.swift in Sources */,
				8C5B06441D80574700E2BB52 /* ForYouTableViewController.swift in Sources */,
				8C12D6AB1D91D11E00A3FC6D /* PreferencesViewController.swift in Sources */,
				8C5B06561D8192D500E2BB52 /* CreativityTableViewController.swift in Sources */,
				8C5B06621D81B6BF00E2BB52 /* FoodTableViewController.swift in Sources */,
				8C12D6B41D95628700A3FC6D /* SearchTableViewController.swift in Sources */,
				8C5B065A1D81AA3700E2BB52 /* WomenTableViewController.swift in Sources */,
				8C5B066A1D81B9A600E2BB52 /* QuizTableViewController.swift in Sources */,
				8C5B06641D81B97400E2BB52 /* PopularyTableViewController.swift in Sources */,
				8C31A70F1D8732100091A36A /* PageViewController.swift in Sources */,
				8C12D6B21D92D2C500A3FC6D /* PoliticasPrivacityViewController.swift in Sources */,
				F491E74A1A7F4B300026528E /* NewsTableViewController.swift in Sources */,
				8C31A7131D8B05190091A36A /* BookmarkTableViewController.swift in Sources */,
				8C31A7171D8C4FAB0091A36A /* CheckBoxInterest.swift in Sources */,
				F491E7551A7F7E010026528E /* InterestViewController.swift in Sources */,
				8C5B06741D8331DA00E2BB52 /* PageItemController.swift in Sources */,
				8C5B064E1D80B19A00E2BB52 /* Category.swift in Sources */,
				8C12D6B01D92CD5F00A3FC6D /* AboutUsViewController.swift in Sources */,
				8C31A7151D8B40CB0091A36A /* NewsViewCell.swift in Sources */,
			);
			runOnlyForDeploymentPostprocessing = 0;
		};
		F4702A011A7F27DC00E30A3C /* Sources */ = {
			isa = PBXSourcesBuildPhase;
			buildActionMask = 2147483647;
			files = (
				F4702A0C1A7F27DC00E30A3C /* UpsoclAppTests.swift in Sources */,
				8C12D6AC1D92BD0F00A3FC6D /* PreferencesViewController.swift in Sources */,
			);
			runOnlyForDeploymentPostprocessing = 0;
		};
/* End PBXSourcesBuildPhase section */

/* Begin PBXTargetDependency section */
		F4702A071A7F27DC00E30A3C /* PBXTargetDependency */ = {
			isa = PBXTargetDependency;
			target = F47029EF1A7F27DB00E30A3C /* UpsoclApp */;
			targetProxy = F4702A061A7F27DC00E30A3C /* PBXContainerItemProxy */;
		};
/* End PBXTargetDependency section */

/* Begin PBXVariantGroup section */
		8C5B06791D83405E00E2BB52 /* Main.storyboard */ = {
			isa = PBXVariantGroup;
			children = (
				8C5B067A1D83405E00E2BB52 /* Base */,
			);
			name = Main.storyboard;
			sourceTree = "<group>";
		};
		F47029FE1A7F27DB00E30A3C /* LaunchScreen.xib */ = {
			isa = PBXVariantGroup;
			children = (
				F47029FF1A7F27DB00E30A3C /* Base */,
			);
			name = LaunchScreen.xib;
			sourceTree = "<group>";
		};
/* End PBXVariantGroup section */

/* Begin XCBuildConfiguration section */
		F4702A0D1A7F27DC00E30A3C /* Debug */ = {
			isa = XCBuildConfiguration;
			buildSettings = {
				ALWAYS_SEARCH_USER_PATHS = NO;
				CLANG_CXX_LANGUAGE_STANDARD = "gnu++0x";
				CLANG_CXX_LIBRARY = "libc++";
				CLANG_ENABLE_MODULES = YES;
				CLANG_ENABLE_OBJC_ARC = YES;
				CLANG_WARN_BOOL_CONVERSION = YES;
				CLANG_WARN_CONSTANT_CONVERSION = YES;
				CLANG_WARN_DIRECT_OBJC_ISA_USAGE = YES_ERROR;
				CLANG_WARN_EMPTY_BODY = YES;
				CLANG_WARN_ENUM_CONVERSION = YES;
				CLANG_WARN_INT_CONVERSION = YES;
				CLANG_WARN_OBJC_ROOT_CLASS = YES_ERROR;
				CLANG_WARN_UNREACHABLE_CODE = YES;
				CLANG_WARN__DUPLICATE_METHOD_MATCH = YES;
				"CODE_SIGN_IDENTITY[sdk=iphoneos*]" = "iPhone Developer";
				COPY_PHASE_STRIP = NO;
				ENABLE_STRICT_OBJC_MSGSEND = YES;
				ENABLE_TESTABILITY = YES;
				GCC_C_LANGUAGE_STANDARD = gnu99;
				GCC_DYNAMIC_NO_PIC = NO;
				GCC_OPTIMIZATION_LEVEL = 0;
				GCC_PREPROCESSOR_DEFINITIONS = (
					"DEBUG=1",
					"$(inherited)",
				);
				GCC_SYMBOLS_PRIVATE_EXTERN = NO;
				GCC_WARN_64_TO_32_BIT_CONVERSION = YES;
				GCC_WARN_ABOUT_RETURN_TYPE = YES_ERROR;
				GCC_WARN_UNDECLARED_SELECTOR = YES;
				GCC_WARN_UNINITIALIZED_AUTOS = YES_AGGRESSIVE;
				GCC_WARN_UNUSED_FUNCTION = YES;
				GCC_WARN_UNUSED_VARIABLE = YES;
				IPHONEOS_DEPLOYMENT_TARGET = 8.1;
				MTL_ENABLE_DEBUG_INFO = YES;
				ONLY_ACTIVE_ARCH = YES;
				SDKROOT = iphoneos;
				SWIFT_OPTIMIZATION_LEVEL = "-Onone";
			};
			name = Debug;
		};
		F4702A0E1A7F27DC00E30A3C /* Release */ = {
			isa = XCBuildConfiguration;
			buildSettings = {
				ALWAYS_SEARCH_USER_PATHS = NO;
				CLANG_CXX_LANGUAGE_STANDARD = "gnu++0x";
				CLANG_CXX_LIBRARY = "libc++";
				CLANG_ENABLE_MODULES = YES;
				CLANG_ENABLE_OBJC_ARC = YES;
				CLANG_WARN_BOOL_CONVERSION = YES;
				CLANG_WARN_CONSTANT_CONVERSION = YES;
				CLANG_WARN_DIRECT_OBJC_ISA_USAGE = YES_ERROR;
				CLANG_WARN_EMPTY_BODY = YES;
				CLANG_WARN_ENUM_CONVERSION = YES;
				CLANG_WARN_INT_CONVERSION = YES;
				CLANG_WARN_OBJC_ROOT_CLASS = YES_ERROR;
				CLANG_WARN_UNREACHABLE_CODE = YES;
				CLANG_WARN__DUPLICATE_METHOD_MATCH = YES;
				"CODE_SIGN_IDENTITY[sdk=iphoneos*]" = "iPhone Developer";
				COPY_PHASE_STRIP = YES;
				ENABLE_NS_ASSERTIONS = NO;
				ENABLE_STRICT_OBJC_MSGSEND = YES;
				GCC_C_LANGUAGE_STANDARD = gnu99;
				GCC_WARN_64_TO_32_BIT_CONVERSION = YES;
				GCC_WARN_ABOUT_RETURN_TYPE = YES_ERROR;
				GCC_WARN_UNDECLARED_SELECTOR = YES;
				GCC_WARN_UNINITIALIZED_AUTOS = YES_AGGRESSIVE;
				GCC_WARN_UNUSED_FUNCTION = YES;
				GCC_WARN_UNUSED_VARIABLE = YES;
				IPHONEOS_DEPLOYMENT_TARGET = 8.1;
				MTL_ENABLE_DEBUG_INFO = NO;
				SDKROOT = iphoneos;
				VALIDATE_PRODUCT = YES;
			};
			name = Release;
		};
		F4702A101A7F27DC00E30A3C /* Debug */ = {
			isa = XCBuildConfiguration;
			buildSettings = {
				ASSETCATALOG_COMPILER_APPICON_NAME = AppIcon;
				CLANG_ENABLE_MODULES = YES;
				INFOPLIST_FILE = UpsoclApp/Info.plist;
				LD_RUNPATH_SEARCH_PATHS = "$(inherited) @executable_path/Frameworks";
				PRODUCT_BUNDLE_IDENTIFIER = com.upsocl.UpsoclApp;
				PRODUCT_NAME = UpsoclApp;
				SWIFT_OBJC_BRIDGING_HEADER = "UpsoclApp/SidebarMenu-Bridging-Header.h";
				SWIFT_OPTIMIZATION_LEVEL = "-Onone";
			};
			name = Debug;
		};
		F4702A111A7F27DC00E30A3C /* Release */ = {
			isa = XCBuildConfiguration;
			buildSettings = {
				ASSETCATALOG_COMPILER_APPICON_NAME = AppIcon;
				CLANG_ENABLE_MODULES = YES;
				INFOPLIST_FILE = UpsoclApp/Info.plist;
				LD_RUNPATH_SEARCH_PATHS = "$(inherited) @executable_path/Frameworks";
				PRODUCT_BUNDLE_IDENTIFIER = com.upsocl.UpsoclApp;
				PRODUCT_NAME = UpsoclApp;
				SWIFT_OBJC_BRIDGING_HEADER = "UpsoclApp/SidebarMenu-Bridging-Header.h";
			};
			name = Release;
		};
		F4702A131A7F27DC00E30A3C /* Debug */ = {
			isa = XCBuildConfiguration;
			buildSettings = {
				BUNDLE_LOADER = "$(TEST_HOST)";
				FRAMEWORK_SEARCH_PATHS = (
					"$(SDKROOT)/Developer/Library/Frameworks",
					"$(inherited)",
				);
				GCC_PREPROCESSOR_DEFINITIONS = (
					"DEBUG=1",
					"$(inherited)",
				);
				INFOPLIST_FILE = UpsoclAppTests/Info.plist;
				LD_RUNPATH_SEARCH_PATHS = "$(inherited) @executable_path/Frameworks @loader_path/Frameworks";
				PRODUCT_BUNDLE_IDENTIFIER = "com.appcoda.$(PRODUCT_NAME:rfc1034identifier)";
				PRODUCT_NAME = UpsoclApp;
				TEST_HOST = "$(BUILT_PRODUCTS_DIR)/UpsoclApp.app/UpsoclApp";
			};
			name = Debug;
		};
		F4702A141A7F27DC00E30A3C /* Release */ = {
			isa = XCBuildConfiguration;
			buildSettings = {
				BUNDLE_LOADER = "$(TEST_HOST)";
				FRAMEWORK_SEARCH_PATHS = (
					"$(SDKROOT)/Developer/Library/Frameworks",
					"$(inherited)",
				);
				INFOPLIST_FILE = UpsoclAppTests/Info.plist;
				LD_RUNPATH_SEARCH_PATHS = "$(inherited) @executable_path/Frameworks @loader_path/Frameworks";
				PRODUCT_BUNDLE_IDENTIFIER = "com.appcoda.$(PRODUCT_NAME:rfc1034identifier)";
				PRODUCT_NAME = UpsoclApp;
				TEST_HOST = "$(BUILT_PRODUCTS_DIR)/UpsoclApp.app/UpsoclApp";
			};
			name = Release;
		};
/* End XCBuildConfiguration section */

/* Begin XCConfigurationList section */
		F47029EB1A7F27DB00E30A3C /* Build configuration list for PBXProject "UpsoclApp" */ = {
			isa = XCConfigurationList;
			buildConfigurations = (
				F4702A0D1A7F27DC00E30A3C /* Debug */,
				F4702A0E1A7F27DC00E30A3C /* Release */,
			);
			defaultConfigurationIsVisible = 0;
			defaultConfigurationName = Release;
		};
		F4702A0F1A7F27DC00E30A3C /* Build configuration list for PBXNativeTarget "UpsoclApp" */ = {
			isa = XCConfigurationList;
			buildConfigurations = (
				F4702A101A7F27DC00E30A3C /* Debug */,
				F4702A111A7F27DC00E30A3C /* Release */,
			);
			defaultConfigurationIsVisible = 0;
			defaultConfigurationName = Release;
		};
		F4702A121A7F27DC00E30A3C /* Build configuration list for PBXNativeTarget "UpsoclAppTests" */ = {
			isa = XCConfigurationList;
			buildConfigurations = (
				F4702A131A7F27DC00E30A3C /* Debug */,
				F4702A141A7F27DC00E30A3C /* Release */,
			);
			defaultConfigurationIsVisible = 0;
			defaultConfigurationName = Release;
		};
/* End XCConfigurationList section */
	};
	rootObject = F47029E81A7F27DB00E30A3C /* Project object */;
}
